
Microsoft Visual Studio Solution File, Format Version 12.00
# Visual Studio Version 17
VisualStudioVersion = 17.6.33723.286
MinimumVisualStudioVersion = 10.0.40219.1
Project("{FAE04EC0-301F-11D3-BF4B-00C04F79EFBC}") = "YelSite", "YelSite.csproj", "{8F2E2F61-A2DE-4477-8DF3-47A5CA876529}"
EndProject
Global
	GlobalSection(SolutionConfigurationPlatforms) = preSolution
		Debug|Any CPU = Debug|Any CPU
		Release|Any CPU = Release|Any CPU
	EndGlobalSection
	GlobalSection(ProjectConfigurationPlatforms) = postSolution
		{8F2E2F61-A2DE-4477-8DF3-47A5CA876529}.Debug|Any CPU.ActiveCfg = Debug|Any CPU
		{8F2E2F61-A2DE-4477-8DF3-47A5CA876529}.Debug|Any CPU.Build.0 = Debug|Any CPU
		{8F2E2F61-A2DE-4477-8DF3-47A5CA876529}.Release|Any CPU.ActiveCfg = Release|Any CPU
		{8F2E2F61-A2DE-4477-8DF3-47A5CA876529}.Release|Any CPU.Build.0 = Release|Any CPU
	EndGlobalSection
	GlobalSection(SolutionProperties) = preSolution
		HideSolutionNode = FALSE
	EndGlobalSection
	GlobalSection(ExtensibilityGlobals) = postSolution
		SolutionGuid = {A72246A1-1FB9-4223-B1FE-76C6E5AA8CB9}
	EndGlobalSection
EndGlobal
